
Microsoft Visual Studio Solution File, Format Version 12.00
# Visual Studio Version 17
VisualStudioVersion = 17.8.34525.116
MinimumVisualStudioVersion = 10.0.40219.1
Project("{FAE04EC0-301F-11D3-BF4B-00C04F79EFBC}") = "CrudTestApi", "CrudTestApi\CrudTestApi.csproj", "{A870C907-C622-4C82-98ED-5952F49A410A}"
EndProject
Project("{FAE04EC0-301F-11D3-BF4B-00C04F79EFBC}") = "CurdView", "CurdView\CurdView.csproj", "{B3E5D251-2488-433F-BFDC-75E280FA91CD}"
EndProject
Global
	GlobalSection(SolutionConfigurationPlatforms) = preSolution
		Debug|Any CPU = Debug|Any CPU
		Release|Any CPU = Release|Any CPU
	EndGlobalSection
	GlobalSection(ProjectConfigurationPlatforms) = postSolution
		{A870C907-C622-4C82-98ED-5952F49A410A}.Debug|Any CPU.ActiveCfg = Debug|Any CPU
		{A870C907-C622-4C82-98ED-5952F49A410A}.Debug|Any CPU.Build.0 = Debug|Any CPU
		{A870C907-C622-4C82-98ED-5952F49A410A}.Release|Any CPU.ActiveCfg = Release|Any CPU
		{A870C907-C622-4C82-98ED-5952F49A410A}.Release|Any CPU.Build.0 = Release|Any CPU
		{B3E5D251-2488-433F-BFDC-75E280FA91CD}.Debug|Any CPU.ActiveCfg = Debug|Any CPU
		{B3E5D251-2488-433F-BFDC-75E280FA91CD}.Debug|Any CPU.Build.0 = Debug|Any CPU
		{B3E5D251-2488-433F-BFDC-75E280FA91CD}.Release|Any CPU.ActiveCfg = Release|Any CPU
		{B3E5D251-2488-433F-BFDC-75E280FA91CD}.Release|Any CPU.Build.0 = Release|Any CPU
	EndGlobalSection
	GlobalSection(SolutionProperties) = preSolution
		HideSolutionNode = FALSE
	EndGlobalSection
	GlobalSection(ExtensibilityGlobals) = postSolution
		SolutionGuid = {4A864DE2-2CA3-413C-B4B8-AA574156BAFF}
	EndGlobalSection
EndGlobal
