
Microsoft Visual Studio Solution File, Format Version 12.00
# Visual Studio Version 17
VisualStudioVersion = 17.8.34525.116
MinimumVisualStudioVersion = 10.0.40219.1
Project("{FAE04EC0-301F-11D3-BF4B-00C04F79EFBC}") = "MVCTest", "MVCTest\MVCTest.csproj", "{805DCEB8-64E9-4A5E-AA48-4BA6828C5ACC}"
EndProject
Global
	GlobalSection(SolutionConfigurationPlatforms) = preSolution
		Debug|Any CPU = Debug|Any CPU
		Release|Any CPU = Release|Any CPU
	EndGlobalSection
	GlobalSection(ProjectConfigurationPlatforms) = postSolution
		{805DCEB8-64E9-4A5E-AA48-4BA6828C5ACC}.Debug|Any CPU.ActiveCfg = Debug|Any CPU
		{805DCEB8-64E9-4A5E-AA48-4BA6828C5ACC}.Debug|Any CPU.Build.0 = Debug|Any CPU
		{805DCEB8-64E9-4A5E-AA48-4BA6828C5ACC}.Release|Any CPU.ActiveCfg = Release|Any CPU
		{805DCEB8-64E9-4A5E-AA48-4BA6828C5ACC}.Release|Any CPU.Build.0 = Release|Any CPU
	EndGlobalSection
	GlobalSection(SolutionProperties) = preSolution
		HideSolutionNode = FALSE
	EndGlobalSection
	GlobalSection(ExtensibilityGlobals) = postSolution
		SolutionGuid = {5B38A6CF-8764-4F60-9220-ED5B686B619F}
	EndGlobalSection
EndGlobal
